
Microsoft Visual Studio Solution File, Format Version 12.00
# Visual Studio 15
VisualStudioVersion = 15.0.28307.572
MinimumVisualStudioVersion = 10.0.40219.1
Project("{8BC9CEB8-8B4A-11D0-8D11-00A0C91BC942}") = "Test Project", "Test Project\Test Project.vcxproj", "{DDFBB696-CACB-437F-9598-281BB16008E5}"
EndProject
Global
	GlobalSection(SolutionConfigurationPlatforms) = preSolution
		Debug|x64 = Debug|x64
		Debug|x86 = Debug|x86
		Release|x64 = Release|x64
		Release|x86 = Release|x86
	EndGlobalSection
	GlobalSection(ProjectConfigurationPlatforms) = postSolution
		{DDFBB696-CACB-437F-9598-281BB16008E5}.Debug|x64.ActiveCfg = Debug|x64
		{DDFBB696-CACB-437F-9598-281BB16008E5}.Debug|x64.Build.0 = Debug|x64
		{DDFBB696-CACB-437F-9598-281BB16008E5}.Debug|x86.ActiveCfg = Debug|Win32
		{DDFBB696-CACB-437F-9598-281BB16008E5}.Debug|x86.Build.0 = Debug|Win32
		{DDFBB696-CACB-437F-9598-281BB16008E5}.Release|x64.ActiveCfg = Release|x64
		{DDFBB696-CACB-437F-9598-281BB16008E5}.Release|x64.Build.0 = Release|x64
		{DDFBB696-CACB-437F-9598-281BB16008E5}.Release|x86.ActiveCfg = Release|Win32
		{DDFBB696-CACB-437F-9598-281BB16008E5}.Release|x86.Build.0 = Release|Win32
	EndGlobalSection
	GlobalSection(SolutionProperties) = preSolution
		HideSolutionNode = FALSE
	EndGlobalSection
	GlobalSection(ExtensibilityGlobals) = postSolution
		SolutionGuid = {448B5F47-E13F-439E-A967-D45A72129270}
	EndGlobalSection
EndGlobal
